
Microsoft Visual Studio Solution File, Format Version 12.00
# Visual Studio Version 17
VisualStudioVersion = 17.3.32929.385
MinimumVisualStudioVersion = 10.0.40219.1
Project("{8BC9CEB8-8B4A-11D0-8D11-00A0C91BC942}") = "simple calc with c++", "simple calc with c++\simple calc with c++.vcxproj", "{DDD41BF1-703A-4F31-AF7A-A4A9FAB14D11}"
EndProject
Global
	GlobalSection(SolutionConfigurationPlatforms) = preSolution
		Debug|x64 = Debug|x64
		Debug|x86 = Debug|x86
		Release|x64 = Release|x64
		Release|x86 = Release|x86
	EndGlobalSection
	GlobalSection(ProjectConfigurationPlatforms) = postSolution
		{DDD41BF1-703A-4F31-AF7A-A4A9FAB14D11}.Debug|x64.ActiveCfg = Debug|x64
		{DDD41BF1-703A-4F31-AF7A-A4A9FAB14D11}.Debug|x64.Build.0 = Debug|x64
		{DDD41BF1-703A-4F31-AF7A-A4A9FAB14D11}.Debug|x86.ActiveCfg = Debug|Win32
		{DDD41BF1-703A-4F31-AF7A-A4A9FAB14D11}.Debug|x86.Build.0 = Debug|Win32
		{DDD41BF1-703A-4F31-AF7A-A4A9FAB14D11}.Release|x64.ActiveCfg = Release|x64
		{DDD41BF1-703A-4F31-AF7A-A4A9FAB14D11}.Release|x64.Build.0 = Release|x64
		{DDD41BF1-703A-4F31-AF7A-A4A9FAB14D11}.Release|x86.ActiveCfg = Release|Win32
		{DDD41BF1-703A-4F31-AF7A-A4A9FAB14D11}.Release|x86.Build.0 = Release|Win32
	EndGlobalSection
	GlobalSection(SolutionProperties) = preSolution
		HideSolutionNode = FALSE
	EndGlobalSection
	GlobalSection(ExtensibilityGlobals) = postSolution
		SolutionGuid = {1F80FBA2-FA3C-4736-ABC7-6A65D52057C3}
	EndGlobalSection
EndGlobal
